
Microsoft Visual Studio Solution File, Format Version 12.00
# Visual Studio Version 17
VisualStudioVersion = 17.1.32407.343
MinimumVisualStudioVersion = 10.0.40219.1
Project("{FAE04EC0-301F-11D3-BF4B-00C04F79EFBC}") = "FIT5032_MyJs", "FIT5032_MyJs\FIT5032_MyJs.csproj", "{12ACB21C-C60D-4F8F-B86C-03E54E5C93EF}"
EndProject
Global
	GlobalSection(SolutionConfigurationPlatforms) = preSolution
		Debug|Any CPU = Debug|Any CPU
		Release|Any CPU = Release|Any CPU
	EndGlobalSection
	GlobalSection(ProjectConfigurationPlatforms) = postSolution
		{12ACB21C-C60D-4F8F-B86C-03E54E5C93EF}.Debug|Any CPU.ActiveCfg = Debug|Any CPU
		{12ACB21C-C60D-4F8F-B86C-03E54E5C93EF}.Debug|Any CPU.Build.0 = Debug|Any CPU
		{12ACB21C-C60D-4F8F-B86C-03E54E5C93EF}.Release|Any CPU.ActiveCfg = Release|Any CPU
		{12ACB21C-C60D-4F8F-B86C-03E54E5C93EF}.Release|Any CPU.Build.0 = Release|Any CPU
	EndGlobalSection
	GlobalSection(SolutionProperties) = preSolution
		HideSolutionNode = FALSE
	EndGlobalSection
	GlobalSection(ExtensibilityGlobals) = postSolution
		SolutionGuid = {B4B07CFE-B318-4705-84CB-73FAAE4351FD}
	EndGlobalSection
EndGlobal
